github.com/yasushi-saito/rbtree v0.0.0-20180524175743-33ff713a769b h1:xuz0HASvzzkGtI3Vjk6pubq2XrRnkTBCNVtSWeeuZTg=
github.com/yasushi-saito/rbtree v0.0.0-20180524175743-33ff713a769b/go.mod h1:8AUYxBTmI0AYJUottyv8mxrfCqYSYzkT0cc7W0XpUBc=
golang.org/x/text v0.27.0 h1:4fGWRpyh641NLlecmyl4LOe6yDdfaYNrGb2zdfo4JV4=
golang.org/x/text v0.27.0/go.mod h1:1D28KMCvyooCX9hBiosv5Tz/+YLxj0j7XhWjpSUF7CU=
